// !$*UTF8*$!
{
	archiveVersion = 1;
	classes = {
	};
	objectVersion = 46;
	objects = {

/* Begin PBXBuildFile section */
		AA754510188B6B22009FAC1B /* Foundation.framework in Frameworks */ = {isa = PBXBuildFile; fileRef = AA75450F188B6B22009FAC1B /* Foundation.framework */; };
		AA754512188B6B22009FAC1B /* CoreGraphics.framework in Frameworks */ = {isa = PBXBuildFile; fileRef = AA754511188B6B22009FAC1B /* CoreGraphics.framework */; };
		AA754514188B6B22009FAC1B /* UIKit.framework in Frameworks */ = {isa = PBXBuildFile; fileRef = AA754513188B6B22009FAC1B /* UIKit.framework */; };
		AA75451A188B6B22009FAC1B /* InfoPlist.strings in Resources */ = {isa = PBXBuildFile; fileRef = AA754518188B6B22009FAC1B /* InfoPlist.strings */; };
		AA75451C188B6B22009FAC1B /* main.m in Sources */ = {isa = PBXBuildFile; fileRef = AA75451B188B6B22009FAC1B /* main.m */; };
		AA754520188B6B22009FAC1B /* AppDelegate.m in Sources */ = {isa = PBXBuildFile; fileRef = AA75451F188B6B22009FAC1B /* AppDelegate.m */; };
		AA754523188B6B22009FAC1B /* Main.storyboard in Resources */ = {isa = PBXBuildFile; fileRef = AA754521188B6B22009FAC1B /* Main.storyboard */; };
		AA754528188B6B22009FAC1B /* Images.xcassets in Resources */ = {isa = PBXBuildFile; fileRef = AA754527188B6B22009FAC1B /* Images.xcassets */; };
		AA75452F188B6B22009FAC1B /* XCTest.framework in Frameworks */ = {isa = PBXBuildFile; fileRef = AA75452E188B6B22009FAC1B /* XCTest.framework */; };
		AA754530188B6B22009FAC1B /* Foundation.framework in Frameworks */ = {isa = PBXBuildFile; fileRef = AA75450F188B6B22009FAC1B /* Foundation.framework */; };
		AA754531188B6B22009FAC1B /* UIKit.framework in Frameworks */ = {isa = PBXBuildFile; fileRef = AA754513188B6B22009FAC1B /* UIKit.framework */; };
		AA754539188B6B22009FAC1B /* InfoPlist.strings in Resources */ = {isa = PBXBuildFile; fileRef = AA754537188B6B22009FAC1B /* InfoPlist.strings */; };
		AA75453B188B6B22009FAC1B /* ToDoTests.m in Sources */ = {isa = PBXBuildFile; fileRef = AA75453A188B6B22009FAC1B /* ToDoTests.m */; };
		AA754546188B6B65009FAC1B /* ToDoListViewController.m in Sources */ = {isa = PBXBuildFile; fileRef = AA754545188B6B65009FAC1B /* ToDoListViewController.m */; };
		AA75454C188B88CE009FAC1B /* AddTaskViewController.m in Sources */ = {isa = PBXBuildFile; fileRef = AA75454B188B88CE009FAC1B /* AddTaskViewController.m */; };
/* End PBXBuildFile section */

/* Begin PBXContainerItemProxy section */
		AA754532188B6B22009FAC1B /* PBXContainerItemProxy */ = {
			isa = PBXContainerItemProxy;
			containerPortal = AA754504188B6B22009FAC1B /* Project object */;
			proxyType = 1;
			remoteGlobalIDString = AA75450B188B6B22009FAC1B;
			remoteInfo = ToDo;
		};
/* End PBXContainerItemProxy section */

/* Begin PBXFileReference section */
		AA75450C188B6B22009FAC1B /* ToDo.app */ = {isa = PBXFileReference; explicitFileType = wrapper.application; includeInIndex = 0; path = ToDo.app; sourceTree = BUILT_PRODUCTS_DIR; };
		AA75450F188B6B22009FAC1B /* Foundation.framework */ = {isa = PBXFileReference; lastKnownFileType = wrapper.framework; name = Foundation.framework; path = System/Library/Frameworks/Foundation.framework; sourceTree = SDKROOT; };
		AA754511188B6B22009FAC1B /* CoreGraphics.framework */ = {isa = PBXFileReference; lastKnownFileType = wrapper.framework; name = CoreGraphics.framework; path = System/Library/Frameworks/CoreGraphics.framework; sourceTree = SDKROOT; };
		AA754513188B6B22009FAC1B /* UIKit.framework */ = {isa = PBXFileReference; lastKnownFileType = wrapper.framework; name = UIKit.framework; path = System/Library/Frameworks/UIKit.framework; sourceTree = SDKROOT; };
		AA754517188B6B22009FAC1B /* ToDo-Info.plist */ = {isa = PBXFileReference; lastKnownFileType = text.plist.xml; path = "ToDo-Info.plist"; sourceTree = "<group>"; };
		AA754519188B6B22009FAC1B /* en */ = {isa = PBXFileReference; lastKnownFileType = text.plist.strings; name = en; path = en.lproj/InfoPlist.strings; sourceTree = "<group>"; };
		AA75451B188B6B22009FAC1B /* main.m */ = {isa = PBXFileReference; lastKnownFileType = sourcecode.c.objc; path = main.m; sourceTree = "<group>"; };
		AA75451D188B6B22009FAC1B /* ToDo-Prefix.pch */ = {isa = PBXFileReference; lastKnownFileType = sourcecode.c.h; path = "ToDo-Prefix.pch"; sourceTree = "<group>"; };
		AA75451E188B6B22009FAC1B /* AppDelegate.h */ = {isa = PBXFileReference; lastKnownFileType = sourcecode.c.h; path = AppDelegate.h; sourceTree = "<group>"; };
		AA75451F188B6B22009FAC1B /* AppDelegate.m */ = {isa = PBXFileReference; lastKnownFileType = sourcecode.c.objc; path = AppDelegate.m; sourceTree = "<group>"; };
		AA754522188B6B22009FAC1B /* Base */ = {isa = PBXFileReference; lastKnownFileType = file.storyboard; name = Base; path = Base.lproj/Main.storyboard; sourceTree = "<group>"; };
		AA754527188B6B22009FAC1B /* Images.xcassets */ = {isa = PBXFileReference; lastKnownFileType = folder.assetcatalog; path = Images.xcassets; sourceTree = "<group>"; };
		AA75452D188B6B22009FAC1B /* ToDoTests.xctest */ = {isa = PBXFileReference; explicitFileType = wrapper.cfbundle; includeInIndex = 0; path = ToDoTests.xctest; sourceTree = BUILT_PRODUCTS_DIR; };
		AA75452E188B6B22009FAC1B /* XCTest.framework */ = {isa = PBXFileReference; lastKnownFileType = wrapper.framework; name = XCTest.framework; path = Library/Frameworks/XCTest.framework; sourceTree = DEVELOPER_DIR; };
		AA754536188B6B22009FAC1B /* ToDoTests-Info.plist */ = {isa = PBXFileReference; lastKnownFileType = text.plist.xml; path = "ToDoTests-Info.plist"; sourceTree = "<group>"; };
		AA754538188B6B22009FAC1B /* en */ = {isa = PBXFileReference; lastKnownFileType = text.plist.strings; name = en; path = en.lproj/InfoPlist.strings; sourceTree = "<group>"; };
		AA75453A188B6B22009FAC1B /* ToDoTests.m */ = {isa = PBXFileReference; lastKnownFileType = sourcecode.c.objc; path = ToDoTests.m; sourceTree = "<group>"; };
		AA754544188B6B65009FAC1B /* ToDoListViewController.h */ = {isa = PBXFileReference; fileEncoding = 4; lastKnownFileType = sourcecode.c.h; path = ToDoListViewController.h; sourceTree = "<group>"; };
		AA754545188B6B65009FAC1B /* ToDoListViewController.m */ = {isa = PBXFileReference; fileEncoding = 4; lastKnownFileType = sourcecode.c.objc; path = ToDoListViewController.m; sourceTree = "<group>"; };
		AA75454A188B88CE009FAC1B /* AddTaskViewController.h */ = {isa = PBXFileReference; fileEncoding = 4; lastKnownFileType = sourcecode.c.h; path = AddTaskViewController.h; sourceTree = "<group>"; };
		AA75454B188B88CE009FAC1B /* AddTaskViewController.m */ = {isa = PBXFileReference; fileEncoding = 4; lastKnownFileType = sourcecode.c.objc; path = AddTaskViewController.m; sourceTree = "<group>"; };
/* End PBXFileReference section */

/* Begin PBXFrameworksBuildPhase section */
		AA754509188B6B22009FAC1B /* Frameworks */ = {
			isa = PBXFrameworksBuildPhase;
			buildActionMask = 2147483647;
			files = (
				AA754512188B6B22009FAC1B /* CoreGraphics.framework in Frameworks */,
				AA754514188B6B22009FAC1B /* UIKit.framework in Frameworks */,
				AA754510188B6B22009FAC1B /* Foundation.framework in Frameworks */,
			);
			runOnlyForDeploymentPostprocessing = 0;
		};
		AA75452A188B6B22009FAC1B /* Frameworks */ = {
			isa = PBXFrameworksBuildPhase;
			buildActionMask = 2147483647;
			files = (
				AA75452F188B6B22009FAC1B /* XCTest.framework in Frameworks */,
				AA754531188B6B22009FAC1B /* UIKit.framework in Frameworks */,
				AA754530188B6B22009FAC1B /* Foundation.framework in Frameworks */,
			);
			runOnlyForDeploymentPostprocessing = 0;
		};
/* End PBXFrameworksBuildPhase section */

/* Begin PBXGroup section */
		AA754503188B6B22009FAC1B = {
			isa = PBXGroup;
			children = (
				AA754515188B6B22009FAC1B /* ToDo */,
				AA754534188B6B22009FAC1B /* ToDoTests */,
				AA75450E188B6B22009FAC1B /* Frameworks */,
				AA75450D188B6B22009FAC1B /* Products */,
			);
			sourceTree = "<group>";
		};
		AA75450D188B6B22009FAC1B /* Products */ = {
			isa = PBXGroup;
			children = (
				AA75450C188B6B22009FAC1B /* ToDo.app */,
				AA75452D188B6B22009FAC1B /* ToDoTests.xctest */,
			);
			name = Products;
			sourceTree = "<group>";
		};
		AA75450E188B6B22009FAC1B /* Frameworks */ = {
			isa = PBXGroup;
			children = (
				AA75450F188B6B22009FAC1B /* Foundation.framework */,
				AA754511188B6B22009FAC1B /* CoreGraphics.framework */,
				AA754513188B6B22009FAC1B /* UIKit.framework */,
				AA75452E188B6B22009FAC1B /* XCTest.framework */,
			);
			name = Frameworks;
			sourceTree = "<group>";
		};
		AA754515188B6B22009FAC1B /* ToDo */ = {
			isa = PBXGroup;
			children = (
				AA75451E188B6B22009FAC1B /* AppDelegate.h */,
				AA75451F188B6B22009FAC1B /* AppDelegate.m */,
				AA754521188B6B22009FAC1B /* Main.storyboard */,
				AA754527188B6B22009FAC1B /* Images.xcassets */,
				AA754516188B6B22009FAC1B /* Supporting Files */,
				AA754544188B6B65009FAC1B /* ToDoListViewController.h */,
				AA754545188B6B65009FAC1B /* ToDoListViewController.m */,
				AA75454A188B88CE009FAC1B /* AddTaskViewController.h */,
				AA75454B188B88CE009FAC1B /* AddTaskViewController.m */,
			);
			path = ToDo;
			sourceTree = "<group>";
		};
		AA754516188B6B22009FAC1B /* Supporting Files */ = {
			isa = PBXGroup;
			children = (
				AA754517188B6B22009FAC1B /* ToDo-Info.plist */,
				AA754518188B6B22009FAC1B /* InfoPlist.strings */,
				AA75451B188B6B22009FAC1B /* main.m */,
				AA75451D188B6B22009FAC1B /* ToDo-Prefix.pch */,
			);
			name = "Supporting Files";
			sourceTree = "<group>";
		};
		AA754534188B6B22009FAC1B /* ToDoTests */ = {
			isa = PBXGroup;
			children = (
				AA75453A188B6B22009FAC1B /* ToDoTests.m */,
				AA754535188B6B22009FAC1B /* Supporting Files */,
			);
			path = ToDoTests;
			sourceTree = "<group>";
		};
		AA754535188B6B22009FAC1B /* Supporting Files */ = {
			isa = PBXGroup;
			children = (
				AA754536188B6B22009FAC1B /* ToDoTests-Info.plist */,
				AA754537188B6B22009FAC1B /* InfoPlist.strings */,
			);
			name = "Supporting Files";
			sourceTree = "<group>";
		};
/* End PBXGroup section */

/* Begin PBXNativeTarget section */
		AA75450B188B6B22009FAC1B /* ToDo */ = {
			isa = PBXNativeTarget;
			buildConfigurationList = AA75453E188B6B22009FAC1B /* Build configuration list for PBXNativeTarget "ToDo" */;
			buildPhases = (
				AA754508188B6B22009FAC1B /* Sources */,
				AA754509188B6B22009FAC1B /* Frameworks */,
				AA75450A188B6B22009FAC1B /* Resources */,
			);
			buildRules = (
			);
			dependencies = (
			);
			name = ToDo;
			productName = ToDo;
			productReference = AA75450C188B6B22009FAC1B /* ToDo.app */;
			productType = "com.apple.product-type.application";
		};
		AA75452C188B6B22009FAC1B /* ToDoTests */ = {
			isa = PBXNativeTarget;
			buildConfigurationList = AA754541188B6B22009FAC1B /* Build configuration list for PBXNativeTarget "ToDoTests" */;
			buildPhases = (
				AA754529188B6B22009FAC1B /* Sources */,
				AA75452A188B6B22009FAC1B /* Frameworks */,
				AA75452B188B6B22009FAC1B /* Resources */,
			);
			buildRules = (
			);
			dependencies = (
				AA754533188B6B22009FAC1B /* PBXTargetDependency */,
			);
			name = ToDoTests;
			productName = ToDoTests;
			productReference = AA75452D188B6B22009FAC1B /* ToDoTests.xctest */;
			productType = "com.apple.product-type.bundle.unit-test";
		};
/* End PBXNativeTarget section */

/* Begin PBXProject section */
		AA754504188B6B22009FAC1B /* Project object */ = {
			isa = PBXProject;
			attributes = {
				LastUpgradeCheck = 0500;
				ORGANIZATIONNAME = "Vasanthy Kolluri";
				TargetAttributes = {
					AA75452C188B6B22009FAC1B = {
						TestTargetID = AA75450B188B6B22009FAC1B;
					};
				};
			};
			buildConfigurationList = AA754507188B6B22009FAC1B /* Build configuration list for PBXProject "ToDo" */;
			compatibilityVersion = "Xcode 3.2";
			developmentRegion = English;
			hasScannedForEncodings = 0;
			knownRegions = (
				en,
				Base,
			);
			mainGroup = AA754503188B6B22009FAC1B;
			productRefGroup = AA75450D188B6B22009FAC1B /* Products */;
			projectDirPath = "";
			projectRoot = "";
			targets = (
				AA75450B188B6B22009FAC1B /* ToDo */,
				AA75452C188B6B22009FAC1B /* ToDoTests */,
			);
		};
/* End PBXProject section */

/* Begin PBXResourcesBuildPhase section */
		AA75450A188B6B22009FAC1B /* Resources */ = {
			isa = PBXResourcesBuildPhase;
			buildActionMask = 2147483647;
			files = (
				AA754528188B6B22009FAC1B /* Images.xcassets in Resources */,
				AA75451A188B6B22009FAC1B /* InfoPlist.strings in Resources */,
				AA754523188B6B22009FAC1B /* Main.storyboard in Resources */,
			);
			runOnlyForDeploymentPostprocessing = 0;
		};
		AA75452B188B6B22009FAC1B /* Resources */ = {
			isa = PBXResourcesBuildPhase;
			buildActionMask = 2147483647;
			files = (
				AA754539188B6B22009FAC1B /* InfoPlist.strings in Resources */,
			);
			runOnlyForDeploymentPostprocessing = 0;
		};
/* End PBXResourcesBuildPhase section */

/* Begin PBXSourcesBuildPhase section */
		AA754508188B6B22009FAC1B /* Sources */ = {
			isa = PBXSourcesBuildPhase;
			buildActionMask = 2147483647;
			files = (
				AA754546188B6B65009FAC1B /* ToDoListViewController.m in Sources */,
				AA75454C188B88CE009FAC1B /* AddTaskViewController.m in Sources */,
				AA754520188B6B22009FAC1B /* AppDelegate.m in Sources */,
				AA75451C188B6B22009FAC1B /* main.m in Sources */,
			);
			runOnlyForDeploymentPostprocessing = 0;
		};
		AA754529188B6B22009FAC1B /* Sources */ = {
			isa = PBXSourcesBuildPhase;
			buildActionMask = 2147483647;
			files = (
				AA75453B188B6B22009FAC1B /* ToDoTests.m in Sources */,
			);
			runOnlyForDeploymentPostprocessing = 0;
		};
/* End PBXSourcesBuildPhase section */

/* Begin PBXTargetDependency section */
		AA754533188B6B22009FAC1B /* PBXTargetDependency */ = {
			isa = PBXTargetDependency;
			target = AA75450B188B6B22009FAC1B /* ToDo */;
			targetProxy = AA754532188B6B22009FAC1B /* PBXContainerItemProxy */;
		};
/* End PBXTargetDependency section */

/* Begin PBXVariantGroup section */
		AA754518188B6B22009FAC1B /* InfoPlist.strings */ = {
			isa = PBXVariantGroup;
			children = (
				AA754519188B6B22009FAC1B /* en */,
			);
			name = InfoPlist.strings;
			sourceTree = "<group>";
		};
		AA754521188B6B22009FAC1B /* Main.storyboard */ = {
			isa = PBXVariantGroup;
			children = (
				AA754522188B6B22009FAC1B /* Base */,
			);
			name = Main.storyboard;
			sourceTree = "<group>";
		};
		AA754537188B6B22009FAC1B /* InfoPlist.strings */ = {
			isa = PBXVariantGroup;
			children = (
				AA754538188B6B22009FAC1B /* en */,
			);
			name = InfoPlist.strings;
			sourceTree = "<group>";
		};
/* End PBXVariantGroup section */

/* Begin XCBuildConfiguration section */
		AA75453C188B6B22009FAC1B /* Debug */ = {
			isa = XCBuildConfiguration;
			buildSettings = {
				ALWAYS_SEARCH_USER_PATHS = NO;
				ARCHS = "$(ARCHS_STANDARD_INCLUDING_64_BIT)";
				CLANG_CXX_LANGUAGE_STANDARD = "gnu++0x";
				CLANG_CXX_LIBRARY = "libc++";
				CLANG_ENABLE_MODULES = YES;
				CLANG_ENABLE_OBJC_ARC = YES;
				CLANG_WARN_BOOL_CONVERSION = YES;
				CLANG_WARN_CONSTANT_CONVERSION = YES;
				CLANG_WARN_DIRECT_OBJC_ISA_USAGE = YES_ERROR;
				CLANG_WARN_EMPTY_BODY = YES;
				CLANG_WARN_ENUM_CONVERSION = YES;
				CLANG_WARN_INT_CONVERSION = YES;
				CLANG_WARN_OBJC_ROOT_CLASS = YES_ERROR;
				CLANG_WARN__DUPLICATE_METHOD_MATCH = YES;
				"CODE_SIGN_IDENTITY[sdk=iphoneos*]" = "iPhone Developer";
				COPY_PHASE_STRIP = NO;
				GCC_C_LANGUAGE_STANDARD = gnu99;
				GCC_DYNAMIC_NO_PIC = NO;
				GCC_OPTIMIZATION_LEVEL = 0;
				GCC_PREPROCESSOR_DEFINITIONS = (
					"DEBUG=1",
					"$(inherited)",
				);
				GCC_SYMBOLS_PRIVATE_EXTERN = NO;
				GCC_WARN_64_TO_32_BIT_CONVERSION = YES;
				GCC_WARN_ABOUT_RETURN_TYPE = YES_ERROR;
				GCC_WARN_UNDECLARED_SELECTOR = YES;
				GCC_WARN_UNINITIALIZED_AUTOS = YES;
				GCC_WARN_UNUSED_FUNCTION = YES;
				GCC_WARN_UNUSED_VARIABLE = YES;
				IPHONEOS_DEPLOYMENT_TARGET = 7.0;
				ONLY_ACTIVE_ARCH = YES;
				SDKROOT = iphoneos;
			};
			name = Debug;
		};
		AA75453D188B6B22009FAC1B /* Release */ = {
			isa = XCBuildConfiguration;
			buildSettings = {
				ALWAYS_SEARCH_USER_PATHS = NO;
				ARCHS = "$(ARCHS_STANDARD_INCLUDING_64_BIT)";
				CLANG_CXX_LANGUAGE_STANDARD = "gnu++0x";
				CLANG_CXX_LIBRARY = "libc++";
				CLANG_ENABLE_MODULES = YES;
				CLANG_ENABLE_OBJC_ARC = YES;
				CLANG_WARN_BOOL_CONVERSION = YES;
				CLANG_WARN_CONSTANT_CONVERSION = YES;
				CLANG_WARN_DIRECT_OBJC_ISA_USAGE = YES_ERROR;
				CLANG_WARN_EMPTY_BODY = YES;
				CLANG_WARN_ENUM_CONVERSION = YES;
				CLANG_WARN_INT_CONVERSION = YES;
				CLANG_WARN_OBJC_ROOT_CLASS = YES_ERROR;
				CLANG_WARN__DUPLICATE_METHOD_MATCH = YES;
				"CODE_SIGN_IDENTITY[sdk=iphoneos*]" = "iPhone Developer";
				COPY_PHASE_STRIP = YES;
				ENABLE_NS_ASSERTIONS = NO;
				GCC_C_LANGUAGE_STANDARD = gnu99;
				GCC_WARN_64_TO_32_BIT_CONVERSION = YES;
				GCC_WARN_ABOUT_RETURN_TYPE = YES_ERROR;
				GCC_WARN_UNDECLARED_SELECTOR = YES;
				GCC_WARN_UNINITIALIZED_AUTOS = YES;
				GCC_WARN_UNUSED_FUNCTION = YES;
				GCC_WARN_UNUSED_VARIABLE = YES;
				IPHONEOS_DEPLOYMENT_TARGET = 7.0;
				SDKROOT = iphoneos;
				VALIDATE_PRODUCT = YES;
			};
			name = Release;
		};
		AA75453F188B6B22009FAC1B /* Debug */ = {
			isa = XCBuildConfiguration;
			buildSettings = {
				ASSETCATALOG_COMPILER_APPICON_NAME = AppIcon;
				ASSETCATALOG_COMPILER_LAUNCHIMAGE_NAME = LaunchImage;
				GCC_PRECOMPILE_PREFIX_HEADER = YES;
				GCC_PREFIX_HEADER = "ToDo/ToDo-Prefix.pch";
				INFOPLIST_FILE = "ToDo/ToDo-Info.plist";
				PRODUCT_NAME = "$(TARGET_NAME)";
				WRAPPER_EXTENSION = app;
			};
			name = Debug;
		};
		AA754540188B6B22009FAC1B /* Release */ = {
			isa = XCBuildConfiguration;
			buildSettings = {
				ASSETCATALOG_COMPILER_APPICON_NAME = AppIcon;
				ASSETCATALOG_COMPILER_LAUNCHIMAGE_NAME = LaunchImage;
				GCC_PRECOMPILE_PREFIX_HEADER = YES;
				GCC_PREFIX_HEADER = "ToDo/ToDo-Prefix.pch";
				INFOPLIST_FILE = "ToDo/ToDo-Info.plist";
				PRODUCT_NAME = "$(TARGET_NAME)";
				WRAPPER_EXTENSION = app;
			};
			name = Release;
		};
		AA754542188B6B22009FAC1B /* Debug */ = {
			isa = XCBuildConfiguration;
			buildSettings = {
				ARCHS = "$(ARCHS_STANDARD_INCLUDING_64_BIT)";
				BUNDLE_LOADER = "$(BUILT_PRODUCTS_DIR)/ToDo.app/ToDo";
				FRAMEWORK_SEARCH_PATHS = (
					"$(SDKROOT)/Developer/Library/Frameworks",
					"$(inherited)",
					"$(DEVELOPER_FRAMEWORKS_DIR)",
				);
				GCC_PRECOMPILE_PREFIX_HEADER = YES;
				GCC_PREFIX_HEADER = "ToDo/ToDo-Prefix.pch";
				GCC_PREPROCESSOR_DEFINITIONS = (
					"DEBUG=1",
					"$(inherited)",
				);
				INFOPLIST_FILE = "ToDoTests/ToDoTests-Info.plist";
				PRODUCT_NAME = "$(TARGET_NAME)";
				TEST_HOST = "$(BUNDLE_LOADER)";
				WRAPPER_EXTENSION = xctest;
			};
			name = Debug;
		};
		AA754543188B6B22009FAC1B /* Release */ = {
			isa = XCBuildConfiguration;
			buildSettings = {
				ARCHS = "$(ARCHS_STANDARD_INCLUDING_64_BIT)";
				BUNDLE_LOADER = "$(BUILT_PRODUCTS_DIR)/ToDo.app/ToDo";
				FRAMEWORK_SEARCH_PATHS = (
					"$(SDKROOT)/Developer/Library/Frameworks",
					"$(inherited)",
					"$(DEVELOPER_FRAMEWORKS_DIR)",
				);
				GCC_PRECOMPILE_PREFIX_HEADER = YES;
				GCC_PREFIX_HEADER = "ToDo/ToDo-Prefix.pch";
				INFOPLIST_FILE = "ToDoTests/ToDoTests-Info.plist";
				PRODUCT_NAME = "$(TARGET_NAME)";
				TEST_HOST = "$(BUNDLE_LOADER)";
				WRAPPER_EXTENSION = xctest;
			};
			name = Release;
		};
/* End XCBuildConfiguration section */

/* Begin XCConfigurationList section */
		AA754507188B6B22009FAC1B /* Build configuration list for PBXProject "ToDo" */ = {
			isa = XCConfigurationList;
			buildConfigurations = (
				AA75453C188B6B22009FAC1B /* Debug */,
				AA75453D188B6B22009FAC1B /* Release */,
			);
			defaultConfigurationIsVisible = 0;
			defaultConfigurationName = Release;
		};
		AA75453E188B6B22009FAC1B /* Build configuration list for PBXNativeTarget "ToDo" */ = {
			isa = XCConfigurationList;
			buildConfigurations = (
				AA75453F188B6B22009FAC1B /* Debug */,
				AA754540188B6B22009FAC1B /* Release */,
			);
			defaultConfigurationIsVisible = 0;
		};
		AA754541188B6B22009FAC1B /* Build configuration list for PBXNativeTarget "ToDoTests" */ = {
			isa = XCConfigurationList;
			buildConfigurations = (
				AA754542188B6B22009FAC1B /* Debug */,
				AA754543188B6B22009FAC1B /* Release */,
			);
			defaultConfigurationIsVisible = 0;
		};
/* End XCConfigurationList section */
	};
	rootObject = AA754504188B6B22009FAC1B /* Project object */;
}
